
Microsoft Visual Studio Solution File, Format Version 12.00
# Visual Studio Version 17
VisualStudioVersion = 17.0.31903.59
MinimumVisualStudioVersion = 10.0.40219.1
Project("{9A19103F-16F7-4668-BE54-9A1E7A4F7556}") = "FastChat", "FastChat\FastChat.csproj", "{FC90E721-D2FA-4500-917C-AAF13A77611F}"
EndProject
Project("{9A19103F-16F7-4668-BE54-9A1E7A4F7556}") = "FastChat.Data", "FastChat.Data\FastChat.Data.csproj", "{42D05037-5448-48EE-9716-3972EB01EC11}"
EndProject
Project("{9A19103F-16F7-4668-BE54-9A1E7A4F7556}") = "FastChat.Core", "FastChat.Core\FastChat.Core.csproj", "{CDFC789D-8BB3-48CC-9AE7-7228FBB27992}"
EndProject
Project("{FAE04EC0-301F-11D3-BF4B-00C04F79EFBC}") = "FastChat.UnitTests", "FastChat.UnitTests\FastChat.UnitTests.csproj", "{3D97F8BB-4069-4CC0-ABD4-42413ED6BBF9}"
EndProject
Global
	GlobalSection(SolutionConfigurationPlatforms) = preSolution
		Debug|Any CPU = Debug|Any CPU
		Release|Any CPU = Release|Any CPU
	EndGlobalSection
	GlobalSection(ProjectConfigurationPlatforms) = postSolution
		{FC90E721-D2FA-4500-917C-AAF13A77611F}.Debug|Any CPU.ActiveCfg = Debug|Any CPU
		{FC90E721-D2FA-4500-917C-AAF13A77611F}.Debug|Any CPU.Build.0 = Debug|Any CPU
		{FC90E721-D2FA-4500-917C-AAF13A77611F}.Release|Any CPU.ActiveCfg = Release|Any CPU
		{FC90E721-D2FA-4500-917C-AAF13A77611F}.Release|Any CPU.Build.0 = Release|Any CPU
		{42D05037-5448-48EE-9716-3972EB01EC11}.Debug|Any CPU.ActiveCfg = Debug|Any CPU
		{42D05037-5448-48EE-9716-3972EB01EC11}.Debug|Any CPU.Build.0 = Debug|Any CPU
		{42D05037-5448-48EE-9716-3972EB01EC11}.Release|Any CPU.ActiveCfg = Release|Any CPU
		{42D05037-5448-48EE-9716-3972EB01EC11}.Release|Any CPU.Build.0 = Release|Any CPU
		{CDFC789D-8BB3-48CC-9AE7-7228FBB27992}.Debug|Any CPU.ActiveCfg = Debug|Any CPU
		{CDFC789D-8BB3-48CC-9AE7-7228FBB27992}.Debug|Any CPU.Build.0 = Debug|Any CPU
		{CDFC789D-8BB3-48CC-9AE7-7228FBB27992}.Release|Any CPU.ActiveCfg = Release|Any CPU
		{CDFC789D-8BB3-48CC-9AE7-7228FBB27992}.Release|Any CPU.Build.0 = Release|Any CPU
		{3D97F8BB-4069-4CC0-ABD4-42413ED6BBF9}.Debug|Any CPU.ActiveCfg = Debug|Any CPU
		{3D97F8BB-4069-4CC0-ABD4-42413ED6BBF9}.Debug|Any CPU.Build.0 = Debug|Any CPU
		{3D97F8BB-4069-4CC0-ABD4-42413ED6BBF9}.Release|Any CPU.ActiveCfg = Release|Any CPU
		{3D97F8BB-4069-4CC0-ABD4-42413ED6BBF9}.Release|Any CPU.Build.0 = Release|Any CPU
	EndGlobalSection
	GlobalSection(SolutionProperties) = preSolution
		HideSolutionNode = FALSE
	EndGlobalSection
	GlobalSection(ExtensibilityGlobals) = postSolution
		SolutionGuid = {EA951EAE-076B-479F-8F32-0895EDD6FEF7}
	EndGlobalSection
EndGlobal
